
Microsoft Visual Studio Solution File, Format Version 12.00
Project("{FAE04EC0-301F-11D3-BF4B-00C04F79EFBC}") = "SignalR-Example", "SignalR-Example\SignalR-Example.csproj", "{CC475BBA-0D23-4B9B-A1C9-0C1B663587B5}"
EndProject
Global
	GlobalSection(SolutionConfigurationPlatforms) = preSolution
		Debug|Any CPU = Debug|Any CPU
		Release|Any CPU = Release|Any CPU
	EndGlobalSection
	GlobalSection(ProjectConfigurationPlatforms) = postSolution
		{CC475BBA-0D23-4B9B-A1C9-0C1B663587B5}.Debug|Any CPU.ActiveCfg = Debug|Any CPU
		{CC475BBA-0D23-4B9B-A1C9-0C1B663587B5}.Debug|Any CPU.Build.0 = Debug|Any CPU
		{CC475BBA-0D23-4B9B-A1C9-0C1B663587B5}.Release|Any CPU.ActiveCfg = Release|Any CPU
		{CC475BBA-0D23-4B9B-A1C9-0C1B663587B5}.Release|Any CPU.Build.0 = Release|Any CPU
	EndGlobalSection
EndGlobal
